// !$*UTF8*$!
{
	archiveVersion = 1;
	classes = {
	};
	objectVersion = 46;
	objects = {

/* Begin PBXBuildFile section */
		4EAD02CA193731F20013E820 /* Foundation.framework in Frameworks */ = {isa = PBXBuildFile; fileRef = 4EAD02C9193731F20013E820 /* Foundation.framework */; };
		4EAD02CC193731F20013E820 /* CoreGraphics.framework in Frameworks */ = {isa = PBXBuildFile; fileRef = 4EAD02CB193731F20013E820 /* CoreGraphics.framework */; };
		4EAD02CE193731F20013E820 /* UIKit.framework in Frameworks */ = {isa = PBXBuildFile; fileRef = 4EAD02CD193731F20013E820 /* UIKit.framework */; };
		4EAD02D4193731F20013E820 /* InfoPlist.strings in Resources */ = {isa = PBXBuildFile; fileRef = 4EAD02D2193731F20013E820 /* InfoPlist.strings */; };
		4EAD02D6193731F20013E820 /* main.m in Sources */ = {isa = PBXBuildFile; fileRef = 4EAD02D5193731F20013E820 /* main.m */; };
		4EAD02DA193731F20013E820 /* AppDelegate.m in Sources */ = {isa = PBXBuildFile; fileRef = 4EAD02D9193731F20013E820 /* AppDelegate.m */; };
		4EAD02DD193731F20013E820 /* Main.storyboard in Resources */ = {isa = PBXBuildFile; fileRef = 4EAD02DB193731F20013E820 /* Main.storyboard */; };
		4EAD02E0193731F20013E820 /* ViewController.m in Sources */ = {isa = PBXBuildFile; fileRef = 4EAD02DF193731F20013E820 /* ViewController.m */; };
		4EAD02E2193731F20013E820 /* Images.xcassets in Resources */ = {isa = PBXBuildFile; fileRef = 4EAD02E1193731F20013E820 /* Images.xcassets */; };
		4EAD02E9193731F30013E820 /* XCTest.framework in Frameworks */ = {isa = PBXBuildFile; fileRef = 4EAD02E8193731F30013E820 /* XCTest.framework */; };
		4EAD02EA193731F30013E820 /* Foundation.framework in Frameworks */ = {isa = PBXBuildFile; fileRef = 4EAD02C9193731F20013E820 /* Foundation.framework */; };
		4EAD02EB193731F30013E820 /* UIKit.framework in Frameworks */ = {isa = PBXBuildFile; fileRef = 4EAD02CD193731F20013E820 /* UIKit.framework */; };
		4EAD02F3193731F30013E820 /* InfoPlist.strings in Resources */ = {isa = PBXBuildFile; fileRef = 4EAD02F1193731F30013E820 /* InfoPlist.strings */; };
		4EAD02F5193731F30013E820 /* GYBankCardFormatTests.m in Sources */ = {isa = PBXBuildFile; fileRef = 4EAD02F4193731F30013E820 /* GYBankCardFormatTests.m */; };
		4EAD03011937321C0013E820 /* GYBankCardFormatTextField.m in Sources */ = {isa = PBXBuildFile; fileRef = 4EAD03001937321C0013E820 /* GYBankCardFormatTextField.m */; };
/* End PBXBuildFile section */

/* Begin PBXContainerItemProxy section */
		4EAD02EC193731F30013E820 /* PBXContainerItemProxy */ = {
			isa = PBXContainerItemProxy;
			containerPortal = 4EAD02BE193731F20013E820 /* Project object */;
			proxyType = 1;
			remoteGlobalIDString = 4EAD02C5193731F20013E820;
			remoteInfo = GYBankCardFormat;
		};
/* End PBXContainerItemProxy section */

/* Begin PBXFileReference section */
		4EAD02C6193731F20013E820 /* GYBankCardFormat.app */ = {isa = PBXFileReference; explicitFileType = wrapper.application; includeInIndex = 0; path = GYBankCardFormat.app; sourceTree = BUILT_PRODUCTS_DIR; };
		4EAD02C9193731F20013E820 /* Foundation.framework */ = {isa = PBXFileReference; lastKnownFileType = wrapper.framework; name = Foundation.framework; path = System/Library/Frameworks/Foundation.framework; sourceTree = SDKROOT; };
		4EAD02CB193731F20013E820 /* CoreGraphics.framework */ = {isa = PBXFileReference; lastKnownFileType = wrapper.framework; name = CoreGraphics.framework; path = System/Library/Frameworks/CoreGraphics.framework; sourceTree = SDKROOT; };
		4EAD02CD193731F20013E820 /* UIKit.framework */ = {isa = PBXFileReference; lastKnownFileType = wrapper.framework; name = UIKit.framework; path = System/Library/Frameworks/UIKit.framework; sourceTree = SDKROOT; };
		4EAD02D1193731F20013E820 /* GYBankCardFormat-Info.plist */ = {isa = PBXFileReference; lastKnownFileType = text.plist.xml; path = "GYBankCardFormat-Info.plist"; sourceTree = "<group>"; };
		4EAD02D3193731F20013E820 /* en */ = {isa = PBXFileReference; lastKnownFileType = text.plist.strings; name = en; path = en.lproj/InfoPlist.strings; sourceTree = "<group>"; };
		4EAD02D5193731F20013E820 /* main.m */ = {isa = PBXFileReference; lastKnownFileType = sourcecode.c.objc; path = main.m; sourceTree = "<group>"; };
		4EAD02D7193731F20013E820 /* GYBankCardFormat-Prefix.pch */ = {isa = PBXFileReference; lastKnownFileType = sourcecode.c.h; path = "GYBankCardFormat-Prefix.pch"; sourceTree = "<group>"; };
		4EAD02D8193731F20013E820 /* AppDelegate.h */ = {isa = PBXFileReference; lastKnownFileType = sourcecode.c.h; path = AppDelegate.h; sourceTree = "<group>"; };
		4EAD02D9193731F20013E820 /* AppDelegate.m */ = {isa = PBXFileReference; lastKnownFileType = sourcecode.c.objc; path = AppDelegate.m; sourceTree = "<group>"; };
		4EAD02DC193731F20013E820 /* Base */ = {isa = PBXFileReference; lastKnownFileType = file.storyboard; name = Base; path = Base.lproj/Main.storyboard; sourceTree = "<group>"; };
		4EAD02DE193731F20013E820 /* ViewController.h */ = {isa = PBXFileReference; lastKnownFileType = sourcecode.c.h; path = ViewController.h; sourceTree = "<group>"; };
		4EAD02DF193731F20013E820 /* ViewController.m */ = {isa = PBXFileReference; lastKnownFileType = sourcecode.c.objc; path = ViewController.m; sourceTree = "<group>"; };
		4EAD02E1193731F20013E820 /* Images.xcassets */ = {isa = PBXFileReference; lastKnownFileType = folder.assetcatalog; path = Images.xcassets; sourceTree = "<group>"; };
		4EAD02E7193731F30013E820 /* GYBankCardFormatTests.xctest */ = {isa = PBXFileReference; explicitFileType = wrapper.cfbundle; includeInIndex = 0; path = GYBankCardFormatTests.xctest; sourceTree = BUILT_PRODUCTS_DIR; };
		4EAD02E8193731F30013E820 /* XCTest.framework */ = {isa = PBXFileReference; lastKnownFileType = wrapper.framework; name = XCTest.framework; path = Library/Frameworks/XCTest.framework; sourceTree = DEVELOPER_DIR; };
		4EAD02F0193731F30013E820 /* GYBankCardFormatTests-Info.plist */ = {isa = PBXFileReference; lastKnownFileType = text.plist.xml; path = "GYBankCardFormatTests-Info.plist"; sourceTree = "<group>"; };
		4EAD02F2193731F30013E820 /* en */ = {isa = PBXFileReference; lastKnownFileType = text.plist.strings; name = en; path = en.lproj/InfoPlist.strings; sourceTree = "<group>"; };
		4EAD02F4193731F30013E820 /* GYBankCardFormatTests.m */ = {isa = PBXFileReference; lastKnownFileType = sourcecode.c.objc; path = GYBankCardFormatTests.m; sourceTree = "<group>"; };
		4EAD02FF1937321C0013E820 /* GYBankCardFormatTextField.h */ = {isa = PBXFileReference; fileEncoding = 4; lastKnownFileType = sourcecode.c.h; path = GYBankCardFormatTextField.h; sourceTree = "<group>"; };
		4EAD03001937321C0013E820 /* GYBankCardFormatTextField.m */ = {isa = PBXFileReference; fileEncoding = 4; lastKnownFileType = sourcecode.c.objc; path = GYBankCardFormatTextField.m; sourceTree = "<group>"; };
/* End PBXFileReference section */

/* Begin PBXFrameworksBuildPhase section */
		4EAD02C3193731F20013E820 /* Frameworks */ = {
			isa = PBXFrameworksBuildPhase;
			buildActionMask = 2147483647;
			files = (
				4EAD02CC193731F20013E820 /* CoreGraphics.framework in Frameworks */,
				4EAD02CE193731F20013E820 /* UIKit.framework in Frameworks */,
				4EAD02CA193731F20013E820 /* Foundation.framework in Frameworks */,
			);
			runOnlyForDeploymentPostprocessing = 0;
		};
		4EAD02E4193731F30013E820 /* Frameworks */ = {
			isa = PBXFrameworksBuildPhase;
			buildActionMask = 2147483647;
			files = (
				4EAD02E9193731F30013E820 /* XCTest.framework in Frameworks */,
				4EAD02EB193731F30013E820 /* UIKit.framework in Frameworks */,
				4EAD02EA193731F30013E820 /* Foundation.framework in Frameworks */,
			);
			runOnlyForDeploymentPostprocessing = 0;
		};
/* End PBXFrameworksBuildPhase section */

/* Begin PBXGroup section */
		4EAD02BD193731F20013E820 = {
			isa = PBXGroup;
			children = (
				4EAD02CF193731F20013E820 /* GYBankCardFormat */,
				4EAD02EE193731F30013E820 /* GYBankCardFormatTests */,
				4EAD02C8193731F20013E820 /* Frameworks */,
				4EAD02C7193731F20013E820 /* Products */,
			);
			sourceTree = "<group>";
		};
		4EAD02C7193731F20013E820 /* Products */ = {
			isa = PBXGroup;
			children = (
				4EAD02C6193731F20013E820 /* GYBankCardFormat.app */,
				4EAD02E7193731F30013E820 /* GYBankCardFormatTests.xctest */,
			);
			name = Products;
			sourceTree = "<group>";
		};
		4EAD02C8193731F20013E820 /* Frameworks */ = {
			isa = PBXGroup;
			children = (
				4EAD02C9193731F20013E820 /* Foundation.framework */,
				4EAD02CB193731F20013E820 /* CoreGraphics.framework */,
				4EAD02CD193731F20013E820 /* UIKit.framework */,
				4EAD02E8193731F30013E820 /* XCTest.framework */,
			);
			name = Frameworks;
			sourceTree = "<group>";
		};
		4EAD02CF193731F20013E820 /* GYBankCardFormat */ = {
			isa = PBXGroup;
			children = (
				4EAD02FE1937321C0013E820 /* GYBankCardFormat */,
				4EAD02D8193731F20013E820 /* AppDelegate.h */,
				4EAD02D9193731F20013E820 /* AppDelegate.m */,
				4EAD02DB193731F20013E820 /* Main.storyboard */,
				4EAD02DE193731F20013E820 /* ViewController.h */,
				4EAD02DF193731F20013E820 /* ViewController.m */,
				4EAD02E1193731F20013E820 /* Images.xcassets */,
				4EAD02D0193731F20013E820 /* Supporting Files */,
			);
			path = GYBankCardFormat;
			sourceTree = "<group>";
		};
		4EAD02D0193731F20013E820 /* Supporting Files */ = {
			isa = PBXGroup;
			children = (
				4EAD02D1193731F20013E820 /* GYBankCardFormat-Info.plist */,
				4EAD02D2193731F20013E820 /* InfoPlist.strings */,
				4EAD02D5193731F20013E820 /* main.m */,
				4EAD02D7193731F20013E820 /* GYBankCardFormat-Prefix.pch */,
			);
			name = "Supporting Files";
			sourceTree = "<group>";
		};
		4EAD02EE193731F30013E820 /* GYBankCardFormatTests */ = {
			isa = PBXGroup;
			children = (
				4EAD02F4193731F30013E820 /* GYBankCardFormatTests.m */,
				4EAD02EF193731F30013E820 /* Supporting Files */,
			);
			path = GYBankCardFormatTests;
			sourceTree = "<group>";
		};
		4EAD02EF193731F30013E820 /* Supporting Files */ = {
			isa = PBXGroup;
			children = (
				4EAD02F0193731F30013E820 /* GYBankCardFormatTests-Info.plist */,
				4EAD02F1193731F30013E820 /* InfoPlist.strings */,
			);
			name = "Supporting Files";
			sourceTree = "<group>";
		};
		4EAD02FE1937321C0013E820 /* GYBankCardFormat */ = {
			isa = PBXGroup;
			children = (
				4EAD02FF1937321C0013E820 /* GYBankCardFormatTextField.h */,
				4EAD03001937321C0013E820 /* GYBankCardFormatTextField.m */,
			);
			path = GYBankCardFormat;
			sourceTree = "<group>";
		};
/* End PBXGroup section */

/* Begin PBXNativeTarget section */
		4EAD02C5193731F20013E820 /* GYBankCardFormat */ = {
			isa = PBXNativeTarget;
			buildConfigurationList = 4EAD02F8193731F30013E820 /* Build configuration list for PBXNativeTarget "GYBankCardFormat" */;
			buildPhases = (
				4EAD02C2193731F20013E820 /* Sources */,
				4EAD02C3193731F20013E820 /* Frameworks */,
				4EAD02C4193731F20013E820 /* Resources */,
			);
			buildRules = (
			);
			dependencies = (
			);
			name = GYBankCardFormat;
			productName = GYBankCardFormat;
			productReference = 4EAD02C6193731F20013E820 /* GYBankCardFormat.app */;
			productType = "com.apple.product-type.application";
		};
		4EAD02E6193731F30013E820 /* GYBankCardFormatTests */ = {
			isa = PBXNativeTarget;
			buildConfigurationList = 4EAD02FB193731F30013E820 /* Build configuration list for PBXNativeTarget "GYBankCardFormatTests" */;
			buildPhases = (
				4EAD02E3193731F30013E820 /* Sources */,
				4EAD02E4193731F30013E820 /* Frameworks */,
				4EAD02E5193731F30013E820 /* Resources */,
			);
			buildRules = (
			);
			dependencies = (
				4EAD02ED193731F30013E820 /* PBXTargetDependency */,
			);
			name = GYBankCardFormatTests;
			productName = GYBankCardFormatTests;
			productReference = 4EAD02E7193731F30013E820 /* GYBankCardFormatTests.xctest */;
			productType = "com.apple.product-type.bundle.unit-test";
		};
/* End PBXNativeTarget section */

/* Begin PBXProject section */
		4EAD02BE193731F20013E820 /* Project object */ = {
			isa = PBXProject;
			attributes = {
				LastUpgradeCheck = 0720;
				ORGANIZATIONNAME = "蒲晓涛";
				TargetAttributes = {
					4EAD02C5193731F20013E820 = {
						DevelopmentTeam = 85753DZ5FY;
					};
					4EAD02E6193731F30013E820 = {
						TestTargetID = 4EAD02C5193731F20013E820;
					};
				};
			};
			buildConfigurationList = 4EAD02C1193731F20013E820 /* Build configuration list for PBXProject "GYBankCardFormat" */;
			compatibilityVersion = "Xcode 3.2";
			developmentRegion = English;
			hasScannedForEncodings = 0;
			knownRegions = (
				en,
				Base,
			);
			mainGroup = 4EAD02BD193731F20013E820;
			productRefGroup = 4EAD02C7193731F20013E820 /* Products */;
			projectDirPath = "";
			projectRoot = "";
			targets = (
				4EAD02C5193731F20013E820 /* GYBankCardFormat */,
				4EAD02E6193731F30013E820 /* GYBankCardFormatTests */,
			);
		};
/* End PBXProject section */

/* Begin PBXResourcesBuildPhase section */
		4EAD02C4193731F20013E820 /* Resources */ = {
			isa = PBXResourcesBuildPhase;
			buildActionMask = 2147483647;
			files = (
				4EAD02E2193731F20013E820 /* Images.xcassets in Resources */,
				4EAD02D4193731F20013E820 /* InfoPlist.strings in Resources */,
				4EAD02DD193731F20013E820 /* Main.storyboard in Resources */,
			);
			runOnlyForDeploymentPostprocessing = 0;
		};
		4EAD02E5193731F30013E820 /* Resources */ = {
			isa = PBXResourcesBuildPhase;
			buildActionMask = 2147483647;
			files = (
				4EAD02F3193731F30013E820 /* InfoPlist.strings in Resources */,
			);
			runOnlyForDeploymentPostprocessing = 0;
		};
/* End PBXResourcesBuildPhase section */

/* Begin PBXSourcesBuildPhase section */
		4EAD02C2193731F20013E820 /* Sources */ = {
			isa = PBXSourcesBuildPhase;
			buildActionMask = 2147483647;
			files = (
				4EAD02E0193731F20013E820 /* ViewController.m in Sources */,
				4EAD02DA193731F20013E820 /* AppDelegate.m in Sources */,
				4EAD03011937321C0013E820 /* GYBankCardFormatTextField.m in Sources */,
				4EAD02D6193731F20013E820 /* main.m in Sources */,
			);
			runOnlyForDeploymentPostprocessing = 0;
		};
		4EAD02E3193731F30013E820 /* Sources */ = {
			isa = PBXSourcesBuildPhase;
			buildActionMask = 2147483647;
			files = (
				4EAD02F5193731F30013E820 /* GYBankCardFormatTests.m in Sources */,
			);
			runOnlyForDeploymentPostprocessing = 0;
		};
/* End PBXSourcesBuildPhase section */

/* Begin PBXTargetDependency section */
		4EAD02ED193731F30013E820 /* PBXTargetDependency */ = {
			isa = PBXTargetDependency;
			target = 4EAD02C5193731F20013E820 /* GYBankCardFormat */;
			targetProxy = 4EAD02EC193731F30013E820 /* PBXContainerItemProxy */;
		};
/* End PBXTargetDependency section */

/* Begin PBXVariantGroup section */
		4EAD02D2193731F20013E820 /* InfoPlist.strings */ = {
			isa = PBXVariantGroup;
			children = (
				4EAD02D3193731F20013E820 /* en */,
			);
			name = InfoPlist.strings;
			sourceTree = "<group>";
		};
		4EAD02DB193731F20013E820 /* Main.storyboard */ = {
			isa = PBXVariantGroup;
			children = (
				4EAD02DC193731F20013E820 /* Base */,
			);
			name = Main.storyboard;
			sourceTree = "<group>";
		};
		4EAD02F1193731F30013E820 /* InfoPlist.strings */ = {
			isa = PBXVariantGroup;
			children = (
				4EAD02F2193731F30013E820 /* en */,
			);
			name = InfoPlist.strings;
			sourceTree = "<group>";
		};
/* End PBXVariantGroup section */

/* Begin XCBuildConfiguration section */
		4EAD02F6193731F30013E820 /* Debug */ = {
			isa = XCBuildConfiguration;
			buildSettings = {
				ALWAYS_SEARCH_USER_PATHS = NO;
				CLANG_CXX_LANGUAGE_STANDARD = "gnu++0x";
				CLANG_CXX_LIBRARY = "libc++";
				CLANG_ENABLE_MODULES = YES;
				CLANG_ENABLE_OBJC_ARC = YES;
				CLANG_WARN_BOOL_CONVERSION = YES;
				CLANG_WARN_CONSTANT_CONVERSION = YES;
				CLANG_WARN_DIRECT_OBJC_ISA_USAGE = YES_ERROR;
				CLANG_WARN_EMPTY_BODY = YES;
				CLANG_WARN_ENUM_CONVERSION = YES;
				CLANG_WARN_INT_CONVERSION = YES;
				CLANG_WARN_OBJC_ROOT_CLASS = YES_ERROR;
				CLANG_WARN__DUPLICATE_METHOD_MATCH = YES;
				"CODE_SIGN_IDENTITY[sdk=iphoneos*]" = "iPhone Developer";
				COPY_PHASE_STRIP = NO;
				ENABLE_TESTABILITY = YES;
				GCC_C_LANGUAGE_STANDARD = gnu99;
				GCC_DYNAMIC_NO_PIC = NO;
				GCC_OPTIMIZATION_LEVEL = 0;
				GCC_PREPROCESSOR_DEFINITIONS = (
					"DEBUG=1",
					"$(inherited)",
				);
				GCC_SYMBOLS_PRIVATE_EXTERN = NO;
				GCC_WARN_64_TO_32_BIT_CONVERSION = YES;
				GCC_WARN_ABOUT_RETURN_TYPE = YES_ERROR;
				GCC_WARN_UNDECLARED_SELECTOR = YES;
				GCC_WARN_UNINITIALIZED_AUTOS = YES_AGGRESSIVE;
				GCC_WARN_UNUSED_FUNCTION = YES;
				GCC_WARN_UNUSED_VARIABLE = YES;
				IPHONEOS_DEPLOYMENT_TARGET = 7.1;
				ONLY_ACTIVE_ARCH = YES;
				SDKROOT = iphoneos;
			};
			name = Debug;
		};
		4EAD02F7193731F30013E820 /* Release */ = {
			isa = XCBuildConfiguration;
			buildSettings = {
				ALWAYS_SEARCH_USER_PATHS = NO;
				CLANG_CXX_LANGUAGE_STANDARD = "gnu++0x";
				CLANG_CXX_LIBRARY = "libc++";
				CLANG_ENABLE_MODULES = YES;
				CLANG_ENABLE_OBJC_ARC = YES;
				CLANG_WARN_BOOL_CONVERSION = YES;
				CLANG_WARN_CONSTANT_CONVERSION = YES;
				CLANG_WARN_DIRECT_OBJC_ISA_USAGE = YES_ERROR;
				CLANG_WARN_EMPTY_BODY = YES;
				CLANG_WARN_ENUM_CONVERSION = YES;
				CLANG_WARN_INT_CONVERSION = YES;
				CLANG_WARN_OBJC_ROOT_CLASS = YES_ERROR;
				CLANG_WARN__DUPLICATE_METHOD_MATCH = YES;
				"CODE_SIGN_IDENTITY[sdk=iphoneos*]" = "iPhone Developer";
				COPY_PHASE_STRIP = YES;
				ENABLE_NS_ASSERTIONS = NO;
				GCC_C_LANGUAGE_STANDARD = gnu99;
				GCC_WARN_64_TO_32_BIT_CONVERSION = YES;
				GCC_WARN_ABOUT_RETURN_TYPE = YES_ERROR;
				GCC_WARN_UNDECLARED_SELECTOR = YES;
				GCC_WARN_UNINITIALIZED_AUTOS = YES_AGGRESSIVE;
				GCC_WARN_UNUSED_FUNCTION = YES;
				GCC_WARN_UNUSED_VARIABLE = YES;
				IPHONEOS_DEPLOYMENT_TARGET = 7.1;
				SDKROOT = iphoneos;
				VALIDATE_PRODUCT = YES;
			};
			name = Release;
		};
		4EAD02F9193731F30013E820 /* Debug */ = {
			isa = XCBuildConfiguration;
			buildSettings = {
				ASSETCATALOG_COMPILER_APPICON_NAME = AppIcon;
				ASSETCATALOG_COMPILER_LAUNCHIMAGE_NAME = LaunchImage;
				CODE_SIGN_IDENTITY = "iPhone Developer";
				GCC_PRECOMPILE_PREFIX_HEADER = YES;
				GCC_PREFIX_HEADER = "GYBankCardFormat/GYBankCardFormat-Prefix.pch";
				INFOPLIST_FILE = "GYBankCardFormat/GYBankCardFormat-Info.plist";
				PRODUCT_BUNDLE_IDENTIFIER = "com.jucaicp.${PRODUCT_NAME:rfc1034identifier}";
				PRODUCT_NAME = "$(TARGET_NAME)";
				WRAPPER_EXTENSION = app;
			};
			name = Debug;
		};
		4EAD02FA193731F30013E820 /* Release */ = {
			isa = XCBuildConfiguration;
			buildSettings = {
				ASSETCATALOG_COMPILER_APPICON_NAME = AppIcon;
				ASSETCATALOG_COMPILER_LAUNCHIMAGE_NAME = LaunchImage;
				CODE_SIGN_IDENTITY = "iPhone Developer";
				GCC_PRECOMPILE_PREFIX_HEADER = YES;
				GCC_PREFIX_HEADER = "GYBankCardFormat/GYBankCardFormat-Prefix.pch";
				INFOPLIST_FILE = "GYBankCardFormat/GYBankCardFormat-Info.plist";
				PRODUCT_BUNDLE_IDENTIFIER = "com.jucaicp.${PRODUCT_NAME:rfc1034identifier}";
				PRODUCT_NAME = "$(TARGET_NAME)";
				WRAPPER_EXTENSION = app;
			};
			name = Release;
		};
		4EAD02FC193731F30013E820 /* Debug */ = {
			isa = XCBuildConfiguration;
			buildSettings = {
				BUNDLE_LOADER = "$(BUILT_PRODUCTS_DIR)/GYBankCardFormat.app/GYBankCardFormat";
				FRAMEWORK_SEARCH_PATHS = (
					"$(SDKROOT)/Developer/Library/Frameworks",
					"$(inherited)",
					"$(DEVELOPER_FRAMEWORKS_DIR)",
				);
				GCC_PRECOMPILE_PREFIX_HEADER = YES;
				GCC_PREFIX_HEADER = "GYBankCardFormat/GYBankCardFormat-Prefix.pch";
				GCC_PREPROCESSOR_DEFINITIONS = (
					"DEBUG=1",
					"$(inherited)",
				);
				INFOPLIST_FILE = "GYBankCardFormatTests/GYBankCardFormatTests-Info.plist";
				PRODUCT_BUNDLE_IDENTIFIER = "com.jucaicp.${PRODUCT_NAME:rfc1034identifier}";
				PRODUCT_NAME = "$(TARGET_NAME)";
				TEST_HOST = "$(BUNDLE_LOADER)";
				WRAPPER_EXTENSION = xctest;
			};
			name = Debug;
		};
		4EAD02FD193731F30013E820 /* Release */ = {
			isa = XCBuildConfiguration;
			buildSettings = {
				BUNDLE_LOADER = "$(BUILT_PRODUCTS_DIR)/GYBankCardFormat.app/GYBankCardFormat";
				FRAMEWORK_SEARCH_PATHS = (
					"$(SDKROOT)/Developer/Library/Frameworks",
					"$(inherited)",
					"$(DEVELOPER_FRAMEWORKS_DIR)",
				);
				GCC_PRECOMPILE_PREFIX_HEADER = YES;
				GCC_PREFIX_HEADER = "GYBankCardFormat/GYBankCardFormat-Prefix.pch";
				INFOPLIST_FILE = "GYBankCardFormatTests/GYBankCardFormatTests-Info.plist";
				PRODUCT_BUNDLE_IDENTIFIER = "com.jucaicp.${PRODUCT_NAME:rfc1034identifier}";
				PRODUCT_NAME = "$(TARGET_NAME)";
				TEST_HOST = "$(BUNDLE_LOADER)";
				WRAPPER_EXTENSION = xctest;
			};
			name = Release;
		};
/* End XCBuildConfiguration section */

/* Begin XCConfigurationList section */
		4EAD02C1193731F20013E820 /* Build configuration list for PBXProject "GYBankCardFormat" */ = {
			isa = XCConfigurationList;
			buildConfigurations = (
				4EAD02F6193731F30013E820 /* Debug */,
				4EAD02F7193731F30013E820 /* Release */,
			);
			defaultConfigurationIsVisible = 0;
			defaultConfigurationName = Release;
		};
		4EAD02F8193731F30013E820 /* Build configuration list for PBXNativeTarget "GYBankCardFormat" */ = {
			isa = XCConfigurationList;
			buildConfigurations = (
				4EAD02F9193731F30013E820 /* Debug */,
				4EAD02FA193731F30013E820 /* Release */,
			);
			defaultConfigurationIsVisible = 0;
			defaultConfigurationName = Release;
		};
		4EAD02FB193731F30013E820 /* Build configuration list for PBXNativeTarget "GYBankCardFormatTests" */ = {
			isa = XCConfigurationList;
			buildConfigurations = (
				4EAD02FC193731F30013E820 /* Debug */,
				4EAD02FD193731F30013E820 /* Release */,
			);
			defaultConfigurationIsVisible = 0;
			defaultConfigurationName = Release;
		};
/* End XCConfigurationList section */
	};
	rootObject = 4EAD02BE193731F20013E820 /* Project object */;
}
